
Microsoft Visual Studio Solution File, Format Version 12.00
# Visual Studio 14
VisualStudioVersion = 14.0.25420.1
MinimumVisualStudioVersion = 10.0.40219.1
Project("{FAE04EC0-301F-11D3-BF4B-00C04F79EFBC}") = "Jimbo", "Jimbo\Jimbo.csproj", "{45C4177A-2FD1-43A5-AED6-032C63BDDA96}"
EndProject
Project("{FAE04EC0-301F-11D3-BF4B-00C04F79EFBC}") = "Data", "Data\Data.csproj", "{4D002321-C702-40B1-8564-183C6689F2CB}"
EndProject
Global
	GlobalSection(SolutionConfigurationPlatforms) = preSolution
		Debug|Any CPU = Debug|Any CPU
		Release|Any CPU = Release|Any CPU
	EndGlobalSection
	GlobalSection(ProjectConfigurationPlatforms) = postSolution
		{45C4177A-2FD1-43A5-AED6-032C63BDDA96}.Debug|Any CPU.ActiveCfg = Debug|Any CPU
		{45C4177A-2FD1-43A5-AED6-032C63BDDA96}.Debug|Any CPU.Build.0 = Debug|Any CPU
		{45C4177A-2FD1-43A5-AED6-032C63BDDA96}.Release|Any CPU.ActiveCfg = Release|Any CPU
		{45C4177A-2FD1-43A5-AED6-032C63BDDA96}.Release|Any CPU.Build.0 = Release|Any CPU
		{4D002321-C702-40B1-8564-183C6689F2CB}.Debug|Any CPU.ActiveCfg = Debug|Any CPU
		{4D002321-C702-40B1-8564-183C6689F2CB}.Debug|Any CPU.Build.0 = Debug|Any CPU
		{4D002321-C702-40B1-8564-183C6689F2CB}.Release|Any CPU.ActiveCfg = Release|Any CPU
		{4D002321-C702-40B1-8564-183C6689F2CB}.Release|Any CPU.Build.0 = Release|Any CPU
	EndGlobalSection
	GlobalSection(SolutionProperties) = preSolution
		HideSolutionNode = FALSE
	EndGlobalSection
EndGlobal
